
Microsoft Visual Studio Solution File, Format Version 12.00
# Visual Studio 15
VisualStudioVersion = 15.0.26730.12
MinimumVisualStudioVersion = 10.0.40219.1
Project("{8BC9CEB8-8B4A-11D0-8D11-00A0C91BC942}") = "Day1", "Day1\Day1.vcxproj", "{52567D7C-F217-4C49-A0E9-0D428D1A3381}"
EndProject
Project("{8BC9CEB8-8B4A-11D0-8D11-00A0C91BC942}") = "Fog", "Fog\Fog.vcxproj", "{FA735FDE-AB3D-4200-863A-640A362FDDC6}"
EndProject
Global
	GlobalSection(SolutionConfigurationPlatforms) = preSolution
		Debug|x64 = Debug|x64
		Debug|x86 = Debug|x86
		Release|x64 = Release|x64
		Release|x86 = Release|x86
	EndGlobalSection
	GlobalSection(ProjectConfigurationPlatforms) = postSolution
		{52567D7C-F217-4C49-A0E9-0D428D1A3381}.Debug|x64.ActiveCfg = Debug|x64
		{52567D7C-F217-4C49-A0E9-0D428D1A3381}.Debug|x64.Build.0 = Debug|x64
		{52567D7C-F217-4C49-A0E9-0D428D1A3381}.Debug|x86.ActiveCfg = Debug|Win32
		{52567D7C-F217-4C49-A0E9-0D428D1A3381}.Debug|x86.Build.0 = Debug|Win32
		{52567D7C-F217-4C49-A0E9-0D428D1A3381}.Release|x64.ActiveCfg = Release|x64
		{52567D7C-F217-4C49-A0E9-0D428D1A3381}.Release|x64.Build.0 = Release|x64
		{52567D7C-F217-4C49-A0E9-0D428D1A3381}.Release|x86.ActiveCfg = Release|Win32
		{52567D7C-F217-4C49-A0E9-0D428D1A3381}.Release|x86.Build.0 = Release|Win32
		{FA735FDE-AB3D-4200-863A-640A362FDDC6}.Debug|x64.ActiveCfg = Debug|x64
		{FA735FDE-AB3D-4200-863A-640A362FDDC6}.Debug|x64.Build.0 = Debug|x64
		{FA735FDE-AB3D-4200-863A-640A362FDDC6}.Debug|x86.ActiveCfg = Debug|Win32
		{FA735FDE-AB3D-4200-863A-640A362FDDC6}.Debug|x86.Build.0 = Debug|Win32
		{FA735FDE-AB3D-4200-863A-640A362FDDC6}.Release|x64.ActiveCfg = Release|x64
		{FA735FDE-AB3D-4200-863A-640A362FDDC6}.Release|x64.Build.0 = Release|x64
		{FA735FDE-AB3D-4200-863A-640A362FDDC6}.Release|x86.ActiveCfg = Release|Win32
		{FA735FDE-AB3D-4200-863A-640A362FDDC6}.Release|x86.Build.0 = Release|Win32
	EndGlobalSection
	GlobalSection(SolutionProperties) = preSolution
		HideSolutionNode = FALSE
	EndGlobalSection
	GlobalSection(ExtensibilityGlobals) = postSolution
		SolutionGuid = {F57F7C32-F163-49AE-9B03-7B6244F29CFB}
	EndGlobalSection
EndGlobal
